{
  "name": "@webpart/server-session",
  "version": "2.0.0",
  "lockfileVersion": 2,
  "requires": true,
  "packages": {
    "": {
      "name": "@webpart/server-session",
      "version": "2.0.0",
      "license": "MIT",
      "dependencies": {
        "@definejs/string": "^1.0.0"
      }
    },
    "node_modules/@definejs/string": {
      "version": "1.0.0",
      "resolved": "https://registry.npmjs.org/@definejs/string/-/string-1.0.0.tgz",
      "integrity": "sha512-w07CpqHYu6th6y+n5jic6ZUdiB19GPzuq8LGHqpSky8R28ugA1uIDkFodd5tt9dokD00pLd4nFY6bO8JuLYxxQ=="
    }
  },
  "dependencies": {
    "@definejs/string": {
      "version": "1.0.0",
      "resolved": "https://registry.npmjs.org/@definejs/string/-/string-1.0.0.tgz",
      "integrity": "sha512-w07CpqHYu6th6y+n5jic6ZUdiB19GPzuq8LGHqpSky8R28ugA1uIDkFodd5tt9dokD00pLd4nFY6bO8JuLYxxQ=="
    }
  }
}
